
Microsoft Visual Studio Solution File, Format Version 12.00
# Visual Studio 15
VisualStudioVersion = 15.0.27703.2035
MinimumVisualStudioVersion = 10.0.40219.1
Project("{FAE04EC0-301F-11D3-BF4B-00C04F79EFBC}") = "Store_Scheduler", "Store_Scheduler\Store_Scheduler.csproj", "{C570CEA3-1CD6-4113-824F-C3B65D4EB893}"
EndProject
Global
	GlobalSection(SolutionConfigurationPlatforms) = preSolution
		Debug|Any CPU = Debug|Any CPU
		Release|Any CPU = Release|Any CPU
	EndGlobalSection
	GlobalSection(ProjectConfigurationPlatforms) = postSolution
		{C570CEA3-1CD6-4113-824F-C3B65D4EB893}.Debug|Any CPU.ActiveCfg = Debug|Any CPU
		{C570CEA3-1CD6-4113-824F-C3B65D4EB893}.Debug|Any CPU.Build.0 = Debug|Any CPU
		{C570CEA3-1CD6-4113-824F-C3B65D4EB893}.Release|Any CPU.ActiveCfg = Release|Any CPU
		{C570CEA3-1CD6-4113-824F-C3B65D4EB893}.Release|Any CPU.Build.0 = Release|Any CPU
	EndGlobalSection
	GlobalSection(SolutionProperties) = preSolution
		HideSolutionNode = FALSE
	EndGlobalSection
	GlobalSection(ExtensibilityGlobals) = postSolution
		SolutionGuid = {B888BDB5-E6B6-4168-A484-090FC696D5A1}
	EndGlobalSection
EndGlobal
